
Microsoft Visual Studio Solution File, Format Version 12.00
# Visual Studio Version 16
VisualStudioVersion = 16.0.30717.126
MinimumVisualStudioVersion = 10.0.40219.1
Project("{9A19103F-16F7-4668-BE54-9A1E7A4F7556}") = "Common", "Common\Common.csproj", "{F662CB20-571A-4E30-8692-C063355B2201}"
EndProject
Project("{2150E333-8FDC-42A3-9474-1A3956D46DE8}") = "PromotionsSG.Presentation", "PromotionsSG.Presentation", "{7B7B8B9C-E9DD-422C-9E11-9AA998CBF394}"
EndProject
Project("{2150E333-8FDC-42A3-9474-1A3956D46DE8}") = "PromotionsSG.API", "PromotionsSG.API", "{3ADD69C7-93B3-4311-843D-058194645CC8}"
EndProject
Project("{2150E333-8FDC-42A3-9474-1A3956D46DE8}") = "PromotionsSG.DB", "PromotionsSG.DB", "{5FE1680B-D0EB-47B2-8305-61A52254EE6A}"
EndProject
Project("{9A19103F-16F7-4668-BE54-9A1E7A4F7556}") = "PromotionsSG.API.ClaimAPI", "PromotionsSG.API\PromotionsSG.API.Claim\PromotionsSG.API.ClaimAPI.csproj", "{86D57CF9-D833-4504-8A5C-C657CC02D4D9}"
EndProject
Project("{9A19103F-16F7-4668-BE54-9A1E7A4F7556}") = "PromotionsSG.API.CustomerProfile", "PromotionsSG.API\PromotionsSG.API.CustomerProfile\PromotionsSG.API.CustomerProfile.csproj", "{92700EA3-7D28-4B75-BC6E-FE960DACA68B}"
EndProject
Project("{9A19103F-16F7-4668-BE54-9A1E7A4F7556}") = "PromotionsSG.API.Event", "PromotionsSG.API\PromotionsSG.API.Event\PromotionsSG.API.Event.csproj", "{B82799FB-65C3-427E-813B-F23B2A90D809}"
EndProject
Project("{9A19103F-16F7-4668-BE54-9A1E7A4F7556}") = "PromotionsSG.API.Feedback", "PromotionsSG.API\PromotionsSG.API.Feedback\PromotionsSG.API.Feedback.csproj", "{070B3D64-B2B4-4331-BCD3-52AF4475AF4C}"
EndProject
Project("{9A19103F-16F7-4668-BE54-9A1E7A4F7556}") = "PromotionsSG.API.Follow", "PromotionsSG.API\PromotionsSG.API.Follow\PromotionsSG.API.Follow.csproj", "{345CA871-85D8-4BD6-8FD6-6FDE734A2C2F}"
EndProject
Project("{9A19103F-16F7-4668-BE54-9A1E7A4F7556}") = "PromotionsSG.API.Login", "PromotionsSG.API\PromotionsSG.API.Login\PromotionsSG.API.Login.csproj", "{6589BFA2-F6A3-4798-B0E6-F2C0C3F8C2E1}"
EndProject
Project("{9A19103F-16F7-4668-BE54-9A1E7A4F7556}") = "PromotionsSG.API.Membership", "PromotionsSG.API\PromotionsSG.API.Membership\PromotionsSG.API.Membership.csproj", "{F5FB648E-4C63-4F72-A449-7E8395DF59E0}"
EndProject
Project("{9A19103F-16F7-4668-BE54-9A1E7A4F7556}") = "PromotionsSG.API.Notification", "PromotionsSG.API\PromotionsSG.API.Notification\PromotionsSG.API.Notification.csproj", "{58E05B16-5F60-4E98-B9FC-42920F43A763}"
EndProject
Project("{9A19103F-16F7-4668-BE54-9A1E7A4F7556}") = "PromotionsSG.API.Promotion", "PromotionsSG.API\PromotionsSG.API.Promotion\PromotionsSG.API.Promotion.csproj", "{464B118F-2097-4C54-81A6-A65CD3358A88}"
EndProject
Project("{9A19103F-16F7-4668-BE54-9A1E7A4F7556}") = "PromotionsSG.API.Recommendation", "PromotionsSG.API\PromotionsSG.API.Recommendation\PromotionsSG.API.Recommendation.csproj", "{05C3D41C-21E3-4433-AEEA-176479E4CADF}"
EndProject
Project("{9A19103F-16F7-4668-BE54-9A1E7A4F7556}") = "PromotionsSG.API.Search", "PromotionsSG.API\PromotionsSG.API.Search\PromotionsSG.API.Search.csproj", "{0D61A467-0C64-4D19-8B73-63339A3EBB87}"
EndProject
Project("{9A19103F-16F7-4668-BE54-9A1E7A4F7556}") = "PromotionsSG.API.ShopProfileAPI", "PromotionsSG.API\PromotionsSG.API.ShopProfile\PromotionsSG.API.ShopProfileAPI.csproj", "{F4698C8F-9D4D-4CD8-AF58-5B7C3DE7A564}"
EndProject
Project("{00D1A9C2-B5F0-4AF3-8072-F6C62B433612}") = "PromotionsSG.DB.Claim", "PromotionsSG.DB\PromotionsSG.DB.Claim\PromotionsSG.DB.Claim.sqlproj", "{EB81DBE2-3105-4791-BAF8-109AD217C5EC}"
EndProject
Project("{9A19103F-16F7-4668-BE54-9A1E7A4F7556}") = "PromotionsSG.Presentation.WebPortal", "PromotionsSG.Presentation\PromotionsSG.Presentation.WebPortal\PromotionsSG.Presentation.WebPortal.csproj", "{73C38E67-7F81-496B-8915-B162CF49508A}"
EndProject
Project("{00D1A9C2-B5F0-4AF3-8072-F6C62B433612}") = "PromotionsSG.DB.CustomerProfile", "PromotionsSG.DB\PromotionsSG.DB.CustomerProfile\PromotionsSG.DB.CustomerProfile.sqlproj", "{31F1294D-5800-433A-A4C4-431B4B08E60C}"
EndProject
Project("{00D1A9C2-B5F0-4AF3-8072-F6C62B433612}") = "PromotionsSG.DB.Event", "PromotionsSG.DB\PromotionsSG.DB.Event\PromotionsSG.DB.Event.sqlproj", "{62F8C2DA-3EA8-44D5-B8EC-61A01C132425}"
EndProject
Project("{00D1A9C2-B5F0-4AF3-8072-F6C62B433612}") = "PromotionsSG.DB.Feedback", "PromotionsSG.DB\PromotionsSG.DB.Feedback\PromotionsSG.DB.Feedback.sqlproj", "{4ED7EBE6-2DD6-4C15-8B8E-0B8262089CD2}"
EndProject
Project("{00D1A9C2-B5F0-4AF3-8072-F6C62B433612}") = "PromotionsSG.DB.Follow", "PromotionsSG.DB\PromotionsSG.DB.Follow\PromotionsSG.DB.Follow.sqlproj", "{73D62B47-F5D2-4BBA-9313-24AF9DB9890C}"
EndProject
Project("{00D1A9C2-B5F0-4AF3-8072-F6C62B433612}") = "PromotionsSG.DB.Login", "PromotionsSG.DB\PromotionsSG.DB.Login\PromotionsSG.DB.Login.sqlproj", "{B1B10B07-BA62-4EDF-8263-C698C65E4D2C}"
EndProject
Project("{00D1A9C2-B5F0-4AF3-8072-F6C62B433612}") = "PromotionsSG.DB.Membership", "PromotionsSG.DB\PromotionsSG.DB.Membership\PromotionsSG.DB.Membership.sqlproj", "{FF07D395-9B30-4CDD-9428-B6AF392B16A0}"
EndProject
Project("{00D1A9C2-B5F0-4AF3-8072-F6C62B433612}") = "PromotionsSG.DB.Notification", "PromotionsSG.DB\PromotionsSG.DB.Notification\PromotionsSG.DB.Notification.sqlproj", "{096629F4-2AFB-477A-AD89-2F3C05D9765D}"
EndProject
Project("{00D1A9C2-B5F0-4AF3-8072-F6C62B433612}") = "PromotionsSG.DB.Promotion", "PromotionsSG.DB\PromotionsSG.DB.Promotion\PromotionsSG.DB.Promotion.sqlproj", "{CF174130-F727-4A9B-BC96-BB6A25D12A0A}"
EndProject
Project("{00D1A9C2-B5F0-4AF3-8072-F6C62B433612}") = "PromotionsSG.DB.Recommendation", "PromotionsSG.DB\PromotionsSG.DB.Recommendation\PromotionsSG.DB.Recommendation.sqlproj", "{7ACCB570-22D1-48CB-B3A8-CB04EA18D1AC}"
EndProject
Project("{00D1A9C2-B5F0-4AF3-8072-F6C62B433612}") = "PromotionsSG.DB.Search", "PromotionsSG.DB\PromotionsSG.DB.Search\PromotionsSG.DB.Search.sqlproj", "{A6E84F68-74A1-4A54-A66C-E60082BCADE0}"
EndProject
Project("{00D1A9C2-B5F0-4AF3-8072-F6C62B433612}") = "PromotionsSG.DB.ShopProfile", "PromotionsSG.DB\PromotionsSG.DB.ShopProfile\PromotionsSG.DB.ShopProfile.sqlproj", "{8AB870F9-29A0-45CC-9D94-B64A6880608F}"
EndProject
Global
	GlobalSection(SolutionConfigurationPlatforms) = preSolution
		Debug|Any CPU = Debug|Any CPU
		Release|Any CPU = Release|Any CPU
	EndGlobalSection
	GlobalSection(ProjectConfigurationPlatforms) = postSolution
		{F662CB20-571A-4E30-8692-C063355B2201}.Debug|Any CPU.ActiveCfg = Debug|Any CPU
		{F662CB20-571A-4E30-8692-C063355B2201}.Debug|Any CPU.Build.0 = Debug|Any CPU
		{F662CB20-571A-4E30-8692-C063355B2201}.Release|Any CPU.ActiveCfg = Release|Any CPU
		{F662CB20-571A-4E30-8692-C063355B2201}.Release|Any CPU.Build.0 = Release|Any CPU
		{86D57CF9-D833-4504-8A5C-C657CC02D4D9}.Debug|Any CPU.ActiveCfg = Debug|Any CPU
		{86D57CF9-D833-4504-8A5C-C657CC02D4D9}.Debug|Any CPU.Build.0 = Debug|Any CPU
		{86D57CF9-D833-4504-8A5C-C657CC02D4D9}.Release|Any CPU.ActiveCfg = Release|Any CPU
		{86D57CF9-D833-4504-8A5C-C657CC02D4D9}.Release|Any CPU.Build.0 = Release|Any CPU
		{92700EA3-7D28-4B75-BC6E-FE960DACA68B}.Debug|Any CPU.ActiveCfg = Debug|Any CPU
		{92700EA3-7D28-4B75-BC6E-FE960DACA68B}.Debug|Any CPU.Build.0 = Debug|Any CPU
		{92700EA3-7D28-4B75-BC6E-FE960DACA68B}.Release|Any CPU.ActiveCfg = Release|Any CPU
		{92700EA3-7D28-4B75-BC6E-FE960DACA68B}.Release|Any CPU.Build.0 = Release|Any CPU
		{B82799FB-65C3-427E-813B-F23B2A90D809}.Debug|Any CPU.ActiveCfg = Debug|Any CPU
		{B82799FB-65C3-427E-813B-F23B2A90D809}.Debug|Any CPU.Build.0 = Debug|Any CPU
		{B82799FB-65C3-427E-813B-F23B2A90D809}.Release|Any CPU.ActiveCfg = Release|Any CPU
		{B82799FB-65C3-427E-813B-F23B2A90D809}.Release|Any CPU.Build.0 = Release|Any CPU
		{070B3D64-B2B4-4331-BCD3-52AF4475AF4C}.Debug|Any CPU.ActiveCfg = Debug|Any CPU
		{070B3D64-B2B4-4331-BCD3-52AF4475AF4C}.Debug|Any CPU.Build.0 = Debug|Any CPU
		{070B3D64-B2B4-4331-BCD3-52AF4475AF4C}.Release|Any CPU.ActiveCfg = Release|Any CPU
		{070B3D64-B2B4-4331-BCD3-52AF4475AF4C}.Release|Any CPU.Build.0 = Release|Any CPU
		{345CA871-85D8-4BD6-8FD6-6FDE734A2C2F}.Debug|Any CPU.ActiveCfg = Debug|Any CPU
		{345CA871-85D8-4BD6-8FD6-6FDE734A2C2F}.Debug|Any CPU.Build.0 = Debug|Any CPU
		{345CA871-85D8-4BD6-8FD6-6FDE734A2C2F}.Release|Any CPU.ActiveCfg = Release|Any CPU
		{345CA871-85D8-4BD6-8FD6-6FDE734A2C2F}.Release|Any CPU.Build.0 = Release|Any CPU
		{6589BFA2-F6A3-4798-B0E6-F2C0C3F8C2E1}.Debug|Any CPU.ActiveCfg = Debug|Any CPU
		{6589BFA2-F6A3-4798-B0E6-F2C0C3F8C2E1}.Debug|Any CPU.Build.0 = Debug|Any CPU
		{6589BFA2-F6A3-4798-B0E6-F2C0C3F8C2E1}.Release|Any CPU.ActiveCfg = Release|Any CPU
		{6589BFA2-F6A3-4798-B0E6-F2C0C3F8C2E1}.Release|Any CPU.Build.0 = Release|Any CPU
		{F5FB648E-4C63-4F72-A449-7E8395DF59E0}.Debug|Any CPU.ActiveCfg = Debug|Any CPU
		{F5FB648E-4C63-4F72-A449-7E8395DF59E0}.Debug|Any CPU.Build.0 = Debug|Any CPU
		{F5FB648E-4C63-4F72-A449-7E8395DF59E0}.Release|Any CPU.ActiveCfg = Release|Any CPU
		{F5FB648E-4C63-4F72-A449-7E8395DF59E0}.Release|Any CPU.Build.0 = Release|Any CPU
		{58E05B16-5F60-4E98-B9FC-42920F43A763}.Debug|Any CPU.ActiveCfg = Debug|Any CPU
		{58E05B16-5F60-4E98-B9FC-42920F43A763}.Debug|Any CPU.Build.0 = Debug|Any CPU
		{58E05B16-5F60-4E98-B9FC-42920F43A763}.Release|Any CPU.ActiveCfg = Release|Any CPU
		{58E05B16-5F60-4E98-B9FC-42920F43A763}.Release|Any CPU.Build.0 = Release|Any CPU
		{464B118F-2097-4C54-81A6-A65CD3358A88}.Debug|Any CPU.ActiveCfg = Debug|Any CPU
		{464B118F-2097-4C54-81A6-A65CD3358A88}.Debug|Any CPU.Build.0 = Debug|Any CPU
		{464B118F-2097-4C54-81A6-A65CD3358A88}.Release|Any CPU.ActiveCfg = Release|Any CPU
		{464B118F-2097-4C54-81A6-A65CD3358A88}.Release|Any CPU.Build.0 = Release|Any CPU
		{05C3D41C-21E3-4433-AEEA-176479E4CADF}.Debug|Any CPU.ActiveCfg = Debug|Any CPU
		{05C3D41C-21E3-4433-AEEA-176479E4CADF}.Debug|Any CPU.Build.0 = Debug|Any CPU
		{05C3D41C-21E3-4433-AEEA-176479E4CADF}.Release|Any CPU.ActiveCfg = Release|Any CPU
		{05C3D41C-21E3-4433-AEEA-176479E4CADF}.Release|Any CPU.Build.0 = Release|Any CPU
		{0D61A467-0C64-4D19-8B73-63339A3EBB87}.Debug|Any CPU.ActiveCfg = Debug|Any CPU
		{0D61A467-0C64-4D19-8B73-63339A3EBB87}.Debug|Any CPU.Build.0 = Debug|Any CPU
		{0D61A467-0C64-4D19-8B73-63339A3EBB87}.Release|Any CPU.ActiveCfg = Release|Any CPU
		{0D61A467-0C64-4D19-8B73-63339A3EBB87}.Release|Any CPU.Build.0 = Release|Any CPU
		{F4698C8F-9D4D-4CD8-AF58-5B7C3DE7A564}.Debug|Any CPU.ActiveCfg = Debug|Any CPU
		{F4698C8F-9D4D-4CD8-AF58-5B7C3DE7A564}.Debug|Any CPU.Build.0 = Debug|Any CPU
		{F4698C8F-9D4D-4CD8-AF58-5B7C3DE7A564}.Release|Any CPU.ActiveCfg = Release|Any CPU
		{F4698C8F-9D4D-4CD8-AF58-5B7C3DE7A564}.Release|Any CPU.Build.0 = Release|Any CPU
		{EB81DBE2-3105-4791-BAF8-109AD217C5EC}.Debug|Any CPU.ActiveCfg = Debug|Any CPU
		{EB81DBE2-3105-4791-BAF8-109AD217C5EC}.Debug|Any CPU.Build.0 = Debug|Any CPU
		{EB81DBE2-3105-4791-BAF8-109AD217C5EC}.Debug|Any CPU.Deploy.0 = Debug|Any CPU
		{EB81DBE2-3105-4791-BAF8-109AD217C5EC}.Release|Any CPU.ActiveCfg = Release|Any CPU
		{EB81DBE2-3105-4791-BAF8-109AD217C5EC}.Release|Any CPU.Build.0 = Release|Any CPU
		{EB81DBE2-3105-4791-BAF8-109AD217C5EC}.Release|Any CPU.Deploy.0 = Release|Any CPU
		{73C38E67-7F81-496B-8915-B162CF49508A}.Debug|Any CPU.ActiveCfg = Debug|Any CPU
		{73C38E67-7F81-496B-8915-B162CF49508A}.Debug|Any CPU.Build.0 = Debug|Any CPU
		{73C38E67-7F81-496B-8915-B162CF49508A}.Release|Any CPU.ActiveCfg = Release|Any CPU
		{73C38E67-7F81-496B-8915-B162CF49508A}.Release|Any CPU.Build.0 = Release|Any CPU
		{31F1294D-5800-433A-A4C4-431B4B08E60C}.Debug|Any CPU.ActiveCfg = Debug|Any CPU
		{31F1294D-5800-433A-A4C4-431B4B08E60C}.Debug|Any CPU.Build.0 = Debug|Any CPU
		{31F1294D-5800-433A-A4C4-431B4B08E60C}.Debug|Any CPU.Deploy.0 = Debug|Any CPU
		{31F1294D-5800-433A-A4C4-431B4B08E60C}.Release|Any CPU.ActiveCfg = Release|Any CPU
		{31F1294D-5800-433A-A4C4-431B4B08E60C}.Release|Any CPU.Build.0 = Release|Any CPU
		{31F1294D-5800-433A-A4C4-431B4B08E60C}.Release|Any CPU.Deploy.0 = Release|Any CPU
		{62F8C2DA-3EA8-44D5-B8EC-61A01C132425}.Debug|Any CPU.ActiveCfg = Debug|Any CPU
		{62F8C2DA-3EA8-44D5-B8EC-61A01C132425}.Debug|Any CPU.Build.0 = Debug|Any CPU
		{62F8C2DA-3EA8-44D5-B8EC-61A01C132425}.Debug|Any CPU.Deploy.0 = Debug|Any CPU
		{62F8C2DA-3EA8-44D5-B8EC-61A01C132425}.Release|Any CPU.ActiveCfg = Release|Any CPU
		{62F8C2DA-3EA8-44D5-B8EC-61A01C132425}.Release|Any CPU.Build.0 = Release|Any CPU
		{62F8C2DA-3EA8-44D5-B8EC-61A01C132425}.Release|Any CPU.Deploy.0 = Release|Any CPU
		{4ED7EBE6-2DD6-4C15-8B8E-0B8262089CD2}.Debug|Any CPU.ActiveCfg = Debug|Any CPU
		{4ED7EBE6-2DD6-4C15-8B8E-0B8262089CD2}.Debug|Any CPU.Build.0 = Debug|Any CPU
		{4ED7EBE6-2DD6-4C15-8B8E-0B8262089CD2}.Debug|Any CPU.Deploy.0 = Debug|Any CPU
		{4ED7EBE6-2DD6-4C15-8B8E-0B8262089CD2}.Release|Any CPU.ActiveCfg = Release|Any CPU
		{4ED7EBE6-2DD6-4C15-8B8E-0B8262089CD2}.Release|Any CPU.Build.0 = Release|Any CPU
		{4ED7EBE6-2DD6-4C15-8B8E-0B8262089CD2}.Release|Any CPU.Deploy.0 = Release|Any CPU
		{73D62B47-F5D2-4BBA-9313-24AF9DB9890C}.Debug|Any CPU.ActiveCfg = Debug|Any CPU
		{73D62B47-F5D2-4BBA-9313-24AF9DB9890C}.Debug|Any CPU.Build.0 = Debug|Any CPU
		{73D62B47-F5D2-4BBA-9313-24AF9DB9890C}.Debug|Any CPU.Deploy.0 = Debug|Any CPU
		{73D62B47-F5D2-4BBA-9313-24AF9DB9890C}.Release|Any CPU.ActiveCfg = Release|Any CPU
		{73D62B47-F5D2-4BBA-9313-24AF9DB9890C}.Release|Any CPU.Build.0 = Release|Any CPU
		{73D62B47-F5D2-4BBA-9313-24AF9DB9890C}.Release|Any CPU.Deploy.0 = Release|Any CPU
		{B1B10B07-BA62-4EDF-8263-C698C65E4D2C}.Debug|Any CPU.ActiveCfg = Debug|Any CPU
		{B1B10B07-BA62-4EDF-8263-C698C65E4D2C}.Debug|Any CPU.Build.0 = Debug|Any CPU
		{B1B10B07-BA62-4EDF-8263-C698C65E4D2C}.Debug|Any CPU.Deploy.0 = Debug|Any CPU
		{B1B10B07-BA62-4EDF-8263-C698C65E4D2C}.Release|Any CPU.ActiveCfg = Release|Any CPU
		{B1B10B07-BA62-4EDF-8263-C698C65E4D2C}.Release|Any CPU.Build.0 = Release|Any CPU
		{B1B10B07-BA62-4EDF-8263-C698C65E4D2C}.Release|Any CPU.Deploy.0 = Release|Any CPU
		{FF07D395-9B30-4CDD-9428-B6AF392B16A0}.Debug|Any CPU.ActiveCfg = Debug|Any CPU
		{FF07D395-9B30-4CDD-9428-B6AF392B16A0}.Debug|Any CPU.Build.0 = Debug|Any CPU
		{FF07D395-9B30-4CDD-9428-B6AF392B16A0}.Debug|Any CPU.Deploy.0 = Debug|Any CPU
		{FF07D395-9B30-4CDD-9428-B6AF392B16A0}.Release|Any CPU.ActiveCfg = Release|Any CPU
		{FF07D395-9B30-4CDD-9428-B6AF392B16A0}.Release|Any CPU.Build.0 = Release|Any CPU
		{FF07D395-9B30-4CDD-9428-B6AF392B16A0}.Release|Any CPU.Deploy.0 = Release|Any CPU
		{096629F4-2AFB-477A-AD89-2F3C05D9765D}.Debug|Any CPU.ActiveCfg = Debug|Any CPU
		{096629F4-2AFB-477A-AD89-2F3C05D9765D}.Debug|Any CPU.Build.0 = Debug|Any CPU
		{096629F4-2AFB-477A-AD89-2F3C05D9765D}.Debug|Any CPU.Deploy.0 = Debug|Any CPU
		{096629F4-2AFB-477A-AD89-2F3C05D9765D}.Release|Any CPU.ActiveCfg = Release|Any CPU
		{096629F4-2AFB-477A-AD89-2F3C05D9765D}.Release|Any CPU.Build.0 = Release|Any CPU
		{096629F4-2AFB-477A-AD89-2F3C05D9765D}.Release|Any CPU.Deploy.0 = Release|Any CPU
		{CF174130-F727-4A9B-BC96-BB6A25D12A0A}.Debug|Any CPU.ActiveCfg = Debug|Any CPU
		{CF174130-F727-4A9B-BC96-BB6A25D12A0A}.Debug|Any CPU.Build.0 = Debug|Any CPU
		{CF174130-F727-4A9B-BC96-BB6A25D12A0A}.Debug|Any CPU.Deploy.0 = Debug|Any CPU
		{CF174130-F727-4A9B-BC96-BB6A25D12A0A}.Release|Any CPU.ActiveCfg = Release|Any CPU
		{CF174130-F727-4A9B-BC96-BB6A25D12A0A}.Release|Any CPU.Build.0 = Release|Any CPU
		{CF174130-F727-4A9B-BC96-BB6A25D12A0A}.Release|Any CPU.Deploy.0 = Release|Any CPU
		{7ACCB570-22D1-48CB-B3A8-CB04EA18D1AC}.Debug|Any CPU.ActiveCfg = Debug|Any CPU
		{7ACCB570-22D1-48CB-B3A8-CB04EA18D1AC}.Debug|Any CPU.Build.0 = Debug|Any CPU
		{7ACCB570-22D1-48CB-B3A8-CB04EA18D1AC}.Debug|Any CPU.Deploy.0 = Debug|Any CPU
		{7ACCB570-22D1-48CB-B3A8-CB04EA18D1AC}.Release|Any CPU.ActiveCfg = Release|Any CPU
		{7ACCB570-22D1-48CB-B3A8-CB04EA18D1AC}.Release|Any CPU.Build.0 = Release|Any CPU
		{7ACCB570-22D1-48CB-B3A8-CB04EA18D1AC}.Release|Any CPU.Deploy.0 = Release|Any CPU
		{A6E84F68-74A1-4A54-A66C-E60082BCADE0}.Debug|Any CPU.ActiveCfg = Debug|Any CPU
		{A6E84F68-74A1-4A54-A66C-E60082BCADE0}.Debug|Any CPU.Build.0 = Debug|Any CPU
		{A6E84F68-74A1-4A54-A66C-E60082BCADE0}.Debug|Any CPU.Deploy.0 = Debug|Any CPU
		{A6E84F68-74A1-4A54-A66C-E60082BCADE0}.Release|Any CPU.ActiveCfg = Release|Any CPU
		{A6E84F68-74A1-4A54-A66C-E60082BCADE0}.Release|Any CPU.Build.0 = Release|Any CPU
		{A6E84F68-74A1-4A54-A66C-E60082BCADE0}.Release|Any CPU.Deploy.0 = Release|Any CPU
		{8AB870F9-29A0-45CC-9D94-B64A6880608F}.Debug|Any CPU.ActiveCfg = Debug|Any CPU
		{8AB870F9-29A0-45CC-9D94-B64A6880608F}.Debug|Any CPU.Build.0 = Debug|Any CPU
		{8AB870F9-29A0-45CC-9D94-B64A6880608F}.Debug|Any CPU.Deploy.0 = Debug|Any CPU
		{8AB870F9-29A0-45CC-9D94-B64A6880608F}.Release|Any CPU.ActiveCfg = Release|Any CPU
		{8AB870F9-29A0-45CC-9D94-B64A6880608F}.Release|Any CPU.Build.0 = Release|Any CPU
		{8AB870F9-29A0-45CC-9D94-B64A6880608F}.Release|Any CPU.Deploy.0 = Release|Any CPU
	EndGlobalSection
	GlobalSection(SolutionProperties) = preSolution
		HideSolutionNode = FALSE
	EndGlobalSection
	GlobalSection(NestedProjects) = preSolution
		{86D57CF9-D833-4504-8A5C-C657CC02D4D9} = {3ADD69C7-93B3-4311-843D-058194645CC8}
		{92700EA3-7D28-4B75-BC6E-FE960DACA68B} = {3ADD69C7-93B3-4311-843D-058194645CC8}
		{B82799FB-65C3-427E-813B-F23B2A90D809} = {3ADD69C7-93B3-4311-843D-058194645CC8}
		{070B3D64-B2B4-4331-BCD3-52AF4475AF4C} = {3ADD69C7-93B3-4311-843D-058194645CC8}
		{345CA871-85D8-4BD6-8FD6-6FDE734A2C2F} = {3ADD69C7-93B3-4311-843D-058194645CC8}
		{6589BFA2-F6A3-4798-B0E6-F2C0C3F8C2E1} = {3ADD69C7-93B3-4311-843D-058194645CC8}
		{F5FB648E-4C63-4F72-A449-7E8395DF59E0} = {3ADD69C7-93B3-4311-843D-058194645CC8}
		{58E05B16-5F60-4E98-B9FC-42920F43A763} = {3ADD69C7-93B3-4311-843D-058194645CC8}
		{464B118F-2097-4C54-81A6-A65CD3358A88} = {3ADD69C7-93B3-4311-843D-058194645CC8}
		{05C3D41C-21E3-4433-AEEA-176479E4CADF} = {3ADD69C7-93B3-4311-843D-058194645CC8}
		{0D61A467-0C64-4D19-8B73-63339A3EBB87} = {3ADD69C7-93B3-4311-843D-058194645CC8}
		{F4698C8F-9D4D-4CD8-AF58-5B7C3DE7A564} = {3ADD69C7-93B3-4311-843D-058194645CC8}
		{EB81DBE2-3105-4791-BAF8-109AD217C5EC} = {5FE1680B-D0EB-47B2-8305-61A52254EE6A}
		{73C38E67-7F81-496B-8915-B162CF49508A} = {7B7B8B9C-E9DD-422C-9E11-9AA998CBF394}
		{31F1294D-5800-433A-A4C4-431B4B08E60C} = {5FE1680B-D0EB-47B2-8305-61A52254EE6A}
		{62F8C2DA-3EA8-44D5-B8EC-61A01C132425} = {5FE1680B-D0EB-47B2-8305-61A52254EE6A}
		{4ED7EBE6-2DD6-4C15-8B8E-0B8262089CD2} = {5FE1680B-D0EB-47B2-8305-61A52254EE6A}
		{73D62B47-F5D2-4BBA-9313-24AF9DB9890C} = {5FE1680B-D0EB-47B2-8305-61A52254EE6A}
		{B1B10B07-BA62-4EDF-8263-C698C65E4D2C} = {5FE1680B-D0EB-47B2-8305-61A52254EE6A}
		{FF07D395-9B30-4CDD-9428-B6AF392B16A0} = {5FE1680B-D0EB-47B2-8305-61A52254EE6A}
		{096629F4-2AFB-477A-AD89-2F3C05D9765D} = {5FE1680B-D0EB-47B2-8305-61A52254EE6A}
		{CF174130-F727-4A9B-BC96-BB6A25D12A0A} = {5FE1680B-D0EB-47B2-8305-61A52254EE6A}
		{7ACCB570-22D1-48CB-B3A8-CB04EA18D1AC} = {5FE1680B-D0EB-47B2-8305-61A52254EE6A}
		{A6E84F68-74A1-4A54-A66C-E60082BCADE0} = {5FE1680B-D0EB-47B2-8305-61A52254EE6A}
		{8AB870F9-29A0-45CC-9D94-B64A6880608F} = {5FE1680B-D0EB-47B2-8305-61A52254EE6A}
	EndGlobalSection
	GlobalSection(ExtensibilityGlobals) = postSolution
		SolutionGuid = {2E9BA88C-6F59-4D24-95C6-272D8C4F3A28}
	EndGlobalSection
EndGlobal
