
Microsoft Visual Studio Solution File, Format Version 12.00
# Visual Studio Version 16
VisualStudioVersion = 16.0.30717.126
MinimumVisualStudioVersion = 10.0.40219.1
Project("{9A19103F-16F7-4668-BE54-9A1E7A4F7556}") = "LoginAPI", "LoginAPI\LoginAPI.csproj", "{149863A7-DC8B-4502-81D3-4C3D619E5AB2}"
EndProject
Project("{00D1A9C2-B5F0-4AF3-8072-F6C62B433612}") = "PromotionsSG.db", "PromotionsSG.db\PromotionsSG.db.sqlproj", "{28BF8528-A7E2-41BB-93A8-315D372051D4}"
EndProject
Project("{9A19103F-16F7-4668-BE54-9A1E7A4F7556}") = "Common", "Common\Common.csproj", "{F662CB20-571A-4E30-8692-C063355B2201}"
EndProject
Project("{2150E333-8FDC-42A3-9474-1A3956D46DE8}") = "PromotionsSG.Presentation", "PromotionsSG.Presentation", "{7B7B8B9C-E9DD-422C-9E11-9AA998CBF394}"
EndProject
Project("{2150E333-8FDC-42A3-9474-1A3956D46DE8}") = "PromotionsSG.API", "PromotionsSG.API", "{3ADD69C7-93B3-4311-843D-058194645CC8}"
EndProject
Project("{FAE04EC0-301F-11D3-BF4B-00C04F79EFBC}") = "PromotionsSG.API.Login", "PromotionsSG.API.Login\PromotionsSG.API.Login.csproj", "{8CF97849-B304-4DC0-A173-4C323F8E7FEB}"
EndProject
Project("{FAE04EC0-301F-11D3-BF4B-00C04F79EFBC}") = "PromotionsSG.API.ShopProfile", "PromotionsSG.API.ShopProfile\PromotionsSG.API.ShopProfile.csproj", "{3983A313-DC89-4727-BDFD-3592580BEC0F}"
EndProject
Project("{FAE04EC0-301F-11D3-BF4B-00C04F79EFBC}") = "PromotionsSG.API.CustomerProfile", "PromotionsSG.API.CustomerProfile\PromotionsSG.API.CustomerProfile.csproj", "{8EE24102-BC38-4196-85D7-55E609A5A379}"
EndProject
Project("{FAE04EC0-301F-11D3-BF4B-00C04F79EFBC}") = "PromotionsSG.API.Promotion", "PromotionsSG.API.Promotion\PromotionsSG.API.Promotion.csproj", "{41215C7F-2BC2-4B09-817C-9A85E0129E03}"
EndProject
Project("{FAE04EC0-301F-11D3-BF4B-00C04F79EFBC}") = "PromotionsSG.API.Search", "PromotionsSG.API.Search\PromotionsSG.API.Search.csproj", "{733452F8-9BF9-42B8-B388-7C0D9056F084}"
EndProject
Project("{FAE04EC0-301F-11D3-BF4B-00C04F79EFBC}") = "PromotionsSG.API.Claim", "PromotionsSG.API.Claim\PromotionsSG.API.Claim.csproj", "{E555E320-3B7D-4C77-84FD-DBC1BE9C59B3}"
EndProject
Project("{FAE04EC0-301F-11D3-BF4B-00C04F79EFBC}") = "PromotionsSG.API.Feedback", "PromotionsSG.API.Feedback\PromotionsSG.API.Feedback.csproj", "{33FC54F1-F93A-4F1B-A107-8F1DFFF3D70E}"
EndProject
Project("{FAE04EC0-301F-11D3-BF4B-00C04F79EFBC}") = "PromotionsSG.API.Recommendation", "PromotionsSG.API.Recommendation\PromotionsSG.API.Recommendation.csproj", "{E4296DDE-CC9E-4C18-B5C4-CC737CF77833}"
EndProject
Project("{FAE04EC0-301F-11D3-BF4B-00C04F79EFBC}") = "PromotionsSG.API.Follow", "PromotionsSG.API.Follow\PromotionsSG.API.Follow.csproj", "{50635743-E902-4CC2-A82E-5F2ED9BECE60}"
EndProject
Project("{FAE04EC0-301F-11D3-BF4B-00C04F79EFBC}") = "PromotionsSG.API.Notification", "PromotionsSG.API.Notification\PromotionsSG.API.Notification.csproj", "{828FB63C-FCDE-49E3-A708-2244A401727A}"
EndProject
Project("{FAE04EC0-301F-11D3-BF4B-00C04F79EFBC}") = "PromotionsSG.API.Event", "PromotionsSG.API.Event\PromotionsSG.API.Event.csproj", "{EF3A2077-E975-497F-85EC-112DB4075521}"
EndProject
Project("{FAE04EC0-301F-11D3-BF4B-00C04F79EFBC}") = "PromotionsSG.API.Membership", "PromotionsSG.API.Membership\PromotionsSG.API.Membership.csproj", "{9CA31FD6-8795-429C-8835-4E169CBE078B}"
EndProject
Project("{FAE04EC0-301F-11D3-BF4B-00C04F79EFBC}") = "PromotionsSG.Presentation.WebPortal", "PromotionsSG.Presentation.WebPortal\PromotionsSG.Presentation.WebPortal.csproj", "{44DA9623-C827-4E06-95ED-7363DB125A4A}"
EndProject
Global
	GlobalSection(SolutionConfigurationPlatforms) = preSolution
		Debug|Any CPU = Debug|Any CPU
		Release|Any CPU = Release|Any CPU
	EndGlobalSection
	GlobalSection(ProjectConfigurationPlatforms) = postSolution
		{149863A7-DC8B-4502-81D3-4C3D619E5AB2}.Debug|Any CPU.ActiveCfg = Debug|Any CPU
		{149863A7-DC8B-4502-81D3-4C3D619E5AB2}.Debug|Any CPU.Build.0 = Debug|Any CPU
		{149863A7-DC8B-4502-81D3-4C3D619E5AB2}.Release|Any CPU.ActiveCfg = Release|Any CPU
		{149863A7-DC8B-4502-81D3-4C3D619E5AB2}.Release|Any CPU.Build.0 = Release|Any CPU
		{28BF8528-A7E2-41BB-93A8-315D372051D4}.Debug|Any CPU.ActiveCfg = Debug|Any CPU
		{28BF8528-A7E2-41BB-93A8-315D372051D4}.Debug|Any CPU.Build.0 = Debug|Any CPU
		{28BF8528-A7E2-41BB-93A8-315D372051D4}.Debug|Any CPU.Deploy.0 = Debug|Any CPU
		{28BF8528-A7E2-41BB-93A8-315D372051D4}.Release|Any CPU.ActiveCfg = Release|Any CPU
		{28BF8528-A7E2-41BB-93A8-315D372051D4}.Release|Any CPU.Build.0 = Release|Any CPU
		{28BF8528-A7E2-41BB-93A8-315D372051D4}.Release|Any CPU.Deploy.0 = Release|Any CPU
		{F662CB20-571A-4E30-8692-C063355B2201}.Debug|Any CPU.ActiveCfg = Debug|Any CPU
		{F662CB20-571A-4E30-8692-C063355B2201}.Debug|Any CPU.Build.0 = Debug|Any CPU
		{F662CB20-571A-4E30-8692-C063355B2201}.Release|Any CPU.ActiveCfg = Release|Any CPU
		{F662CB20-571A-4E30-8692-C063355B2201}.Release|Any CPU.Build.0 = Release|Any CPU
		{8CF97849-B304-4DC0-A173-4C323F8E7FEB}.Debug|Any CPU.ActiveCfg = Debug|Any CPU
		{8CF97849-B304-4DC0-A173-4C323F8E7FEB}.Debug|Any CPU.Build.0 = Debug|Any CPU
		{8CF97849-B304-4DC0-A173-4C323F8E7FEB}.Release|Any CPU.ActiveCfg = Release|Any CPU
		{8CF97849-B304-4DC0-A173-4C323F8E7FEB}.Release|Any CPU.Build.0 = Release|Any CPU
		{3983A313-DC89-4727-BDFD-3592580BEC0F}.Debug|Any CPU.ActiveCfg = Debug|Any CPU
		{3983A313-DC89-4727-BDFD-3592580BEC0F}.Debug|Any CPU.Build.0 = Debug|Any CPU
		{3983A313-DC89-4727-BDFD-3592580BEC0F}.Release|Any CPU.ActiveCfg = Release|Any CPU
		{3983A313-DC89-4727-BDFD-3592580BEC0F}.Release|Any CPU.Build.0 = Release|Any CPU
		{8EE24102-BC38-4196-85D7-55E609A5A379}.Debug|Any CPU.ActiveCfg = Debug|Any CPU
		{8EE24102-BC38-4196-85D7-55E609A5A379}.Debug|Any CPU.Build.0 = Debug|Any CPU
		{8EE24102-BC38-4196-85D7-55E609A5A379}.Release|Any CPU.ActiveCfg = Release|Any CPU
		{8EE24102-BC38-4196-85D7-55E609A5A379}.Release|Any CPU.Build.0 = Release|Any CPU
		{41215C7F-2BC2-4B09-817C-9A85E0129E03}.Debug|Any CPU.ActiveCfg = Debug|Any CPU
		{41215C7F-2BC2-4B09-817C-9A85E0129E03}.Debug|Any CPU.Build.0 = Debug|Any CPU
		{41215C7F-2BC2-4B09-817C-9A85E0129E03}.Release|Any CPU.ActiveCfg = Release|Any CPU
		{41215C7F-2BC2-4B09-817C-9A85E0129E03}.Release|Any CPU.Build.0 = Release|Any CPU
		{733452F8-9BF9-42B8-B388-7C0D9056F084}.Debug|Any CPU.ActiveCfg = Debug|Any CPU
		{733452F8-9BF9-42B8-B388-7C0D9056F084}.Debug|Any CPU.Build.0 = Debug|Any CPU
		{733452F8-9BF9-42B8-B388-7C0D9056F084}.Release|Any CPU.ActiveCfg = Release|Any CPU
		{733452F8-9BF9-42B8-B388-7C0D9056F084}.Release|Any CPU.Build.0 = Release|Any CPU
		{E555E320-3B7D-4C77-84FD-DBC1BE9C59B3}.Debug|Any CPU.ActiveCfg = Debug|Any CPU
		{E555E320-3B7D-4C77-84FD-DBC1BE9C59B3}.Debug|Any CPU.Build.0 = Debug|Any CPU
		{E555E320-3B7D-4C77-84FD-DBC1BE9C59B3}.Release|Any CPU.ActiveCfg = Release|Any CPU
		{E555E320-3B7D-4C77-84FD-DBC1BE9C59B3}.Release|Any CPU.Build.0 = Release|Any CPU
		{33FC54F1-F93A-4F1B-A107-8F1DFFF3D70E}.Debug|Any CPU.ActiveCfg = Debug|Any CPU
		{33FC54F1-F93A-4F1B-A107-8F1DFFF3D70E}.Debug|Any CPU.Build.0 = Debug|Any CPU
		{33FC54F1-F93A-4F1B-A107-8F1DFFF3D70E}.Release|Any CPU.ActiveCfg = Release|Any CPU
		{33FC54F1-F93A-4F1B-A107-8F1DFFF3D70E}.Release|Any CPU.Build.0 = Release|Any CPU
		{E4296DDE-CC9E-4C18-B5C4-CC737CF77833}.Debug|Any CPU.ActiveCfg = Debug|Any CPU
		{E4296DDE-CC9E-4C18-B5C4-CC737CF77833}.Debug|Any CPU.Build.0 = Debug|Any CPU
		{E4296DDE-CC9E-4C18-B5C4-CC737CF77833}.Release|Any CPU.ActiveCfg = Release|Any CPU
		{E4296DDE-CC9E-4C18-B5C4-CC737CF77833}.Release|Any CPU.Build.0 = Release|Any CPU
		{50635743-E902-4CC2-A82E-5F2ED9BECE60}.Debug|Any CPU.ActiveCfg = Debug|Any CPU
		{50635743-E902-4CC2-A82E-5F2ED9BECE60}.Debug|Any CPU.Build.0 = Debug|Any CPU
		{50635743-E902-4CC2-A82E-5F2ED9BECE60}.Release|Any CPU.ActiveCfg = Release|Any CPU
		{50635743-E902-4CC2-A82E-5F2ED9BECE60}.Release|Any CPU.Build.0 = Release|Any CPU
		{828FB63C-FCDE-49E3-A708-2244A401727A}.Debug|Any CPU.ActiveCfg = Debug|Any CPU
		{828FB63C-FCDE-49E3-A708-2244A401727A}.Debug|Any CPU.Build.0 = Debug|Any CPU
		{828FB63C-FCDE-49E3-A708-2244A401727A}.Release|Any CPU.ActiveCfg = Release|Any CPU
		{828FB63C-FCDE-49E3-A708-2244A401727A}.Release|Any CPU.Build.0 = Release|Any CPU
		{EF3A2077-E975-497F-85EC-112DB4075521}.Debug|Any CPU.ActiveCfg = Debug|Any CPU
		{EF3A2077-E975-497F-85EC-112DB4075521}.Debug|Any CPU.Build.0 = Debug|Any CPU
		{EF3A2077-E975-497F-85EC-112DB4075521}.Release|Any CPU.ActiveCfg = Release|Any CPU
		{EF3A2077-E975-497F-85EC-112DB4075521}.Release|Any CPU.Build.0 = Release|Any CPU
		{9CA31FD6-8795-429C-8835-4E169CBE078B}.Debug|Any CPU.ActiveCfg = Debug|Any CPU
		{9CA31FD6-8795-429C-8835-4E169CBE078B}.Debug|Any CPU.Build.0 = Debug|Any CPU
		{9CA31FD6-8795-429C-8835-4E169CBE078B}.Release|Any CPU.ActiveCfg = Release|Any CPU
		{9CA31FD6-8795-429C-8835-4E169CBE078B}.Release|Any CPU.Build.0 = Release|Any CPU
		{44DA9623-C827-4E06-95ED-7363DB125A4A}.Debug|Any CPU.ActiveCfg = Debug|Any CPU
		{44DA9623-C827-4E06-95ED-7363DB125A4A}.Debug|Any CPU.Build.0 = Debug|Any CPU
		{44DA9623-C827-4E06-95ED-7363DB125A4A}.Release|Any CPU.ActiveCfg = Release|Any CPU
		{44DA9623-C827-4E06-95ED-7363DB125A4A}.Release|Any CPU.Build.0 = Release|Any CPU
	EndGlobalSection
	GlobalSection(SolutionProperties) = preSolution
		HideSolutionNode = FALSE
	EndGlobalSection
	GlobalSection(NestedProjects) = preSolution
		{149863A7-DC8B-4502-81D3-4C3D619E5AB2} = {3ADD69C7-93B3-4311-843D-058194645CC8}
		{8CF97849-B304-4DC0-A173-4C323F8E7FEB} = {3ADD69C7-93B3-4311-843D-058194645CC8}
		{3983A313-DC89-4727-BDFD-3592580BEC0F} = {3ADD69C7-93B3-4311-843D-058194645CC8}
		{8EE24102-BC38-4196-85D7-55E609A5A379} = {3ADD69C7-93B3-4311-843D-058194645CC8}
		{41215C7F-2BC2-4B09-817C-9A85E0129E03} = {3ADD69C7-93B3-4311-843D-058194645CC8}
		{733452F8-9BF9-42B8-B388-7C0D9056F084} = {3ADD69C7-93B3-4311-843D-058194645CC8}
		{E555E320-3B7D-4C77-84FD-DBC1BE9C59B3} = {3ADD69C7-93B3-4311-843D-058194645CC8}
		{33FC54F1-F93A-4F1B-A107-8F1DFFF3D70E} = {3ADD69C7-93B3-4311-843D-058194645CC8}
		{E4296DDE-CC9E-4C18-B5C4-CC737CF77833} = {3ADD69C7-93B3-4311-843D-058194645CC8}
		{50635743-E902-4CC2-A82E-5F2ED9BECE60} = {3ADD69C7-93B3-4311-843D-058194645CC8}
		{828FB63C-FCDE-49E3-A708-2244A401727A} = {3ADD69C7-93B3-4311-843D-058194645CC8}
		{EF3A2077-E975-497F-85EC-112DB4075521} = {3ADD69C7-93B3-4311-843D-058194645CC8}
		{9CA31FD6-8795-429C-8835-4E169CBE078B} = {3ADD69C7-93B3-4311-843D-058194645CC8}
		{44DA9623-C827-4E06-95ED-7363DB125A4A} = {7B7B8B9C-E9DD-422C-9E11-9AA998CBF394}
	EndGlobalSection
	GlobalSection(ExtensibilityGlobals) = postSolution
		SolutionGuid = {2E9BA88C-6F59-4D24-95C6-272D8C4F3A28}
	EndGlobalSection
EndGlobal
